{
  "version": 4,
  "terraform_version": "1.11.2",
  "serial": 16,
  "lineage": "b3494d73-0960-ab5c-a7e7-af66a5d1475f",
  "outputs": {
    "s3_bucket_ids": {
      "value": {
        "dev": "dev-my-dapp-bucket-kb1",
        "prod": "prod-my-papp-bucket-kb4",
        "qa": "qa-my-qapp-bucket-kb2",
        "stag": "stag-my-sapp-bucket-kb3"
      },
      "type": [
        "object",
        {
          "dev": "string",
          "prod": "string",
          "qa": "string",
          "stag": "string"
        }
      ]
    }
  },
  "resources": [
    {
      "mode": "managed",
      "type": "aws_s3_bucket",
      "name": "mys3bucket",
      "provider": "provider[\"registry.terraform.io/hashicorp/aws\"]",
      "instances": [
        {
          "index_key": "dev",
          "schema_version": 0,
          "attributes": {
            "acceleration_status": "",
            "acl": null,
            "arn": "arn:aws:s3:::dev-my-dapp-bucket-kb1",
            "bucket": "dev-my-dapp-bucket-kb1",
            "bucket_domain_name": "dev-my-dapp-bucket-kb1.s3.amazonaws.com",
            "bucket_prefix": "",
            "bucket_regional_domain_name": "dev-my-dapp-bucket-kb1.s3.ap-south-1.amazonaws.com",
            "cors_rule": [],
            "force_destroy": false,
            "grant": [
              {
                "id": "73c3ad40466772baf9a278868ee2bf07dfc7d0cd88c1aef23f32bff59d7b25c7",
                "permissions": [
                  "FULL_CONTROL"
                ],
                "type": "CanonicalUser",
                "uri": ""
              }
            ],
            "hosted_zone_id": "Z11RGJOFQNVJUP",
            "id": "dev-my-dapp-bucket-kb1",
            "lifecycle_rule": [],
            "logging": [],
            "object_lock_configuration": [],
            "object_lock_enabled": false,
            "policy": "",
            "region": "ap-south-1",
            "replication_configuration": [],
            "request_payer": "BucketOwner",
            "server_side_encryption_configuration": [
              {
                "rule": [
                  {
                    "apply_server_side_encryption_by_default": [
                      {
                        "kms_master_key_id": "",
                        "sse_algorithm": "AES256"
                      }
                    ],
                    "bucket_key_enabled": false
                  }
                ]
              }
            ],
            "tags": {
              "Environment": "dev",
              "bucketname": "dev-my-dapp-bucket-kb1",
              "eachvalue": "my-dapp-bucket-kb1"
            },
            "tags_all": {
              "Environment": "dev",
              "bucketname": "dev-my-dapp-bucket-kb1",
              "eachvalue": "my-dapp-bucket-kb1"
            },
            "timeouts": null,
            "versioning": [
              {
                "enabled": false,
                "mfa_delete": false
              }
            ],
            "website": [],
            "website_domain": null,
            "website_endpoint": null
          },
          "sensitive_attributes": [],
          "private": "eyJlMmJmYjczMC1lY2FhLTExZTYtOGY4OC0zNDM2M2JjN2M0YzAiOnsiY3JlYXRlIjoxMjAwMDAwMDAwMDAwLCJkZWxldGUiOjM2MDAwMDAwMDAwMDAsInJlYWQiOjEyMDAwMDAwMDAwMDAsInVwZGF0ZSI6MTIwMDAwMDAwMDAwMH19"
        },
        {
          "index_key": "prod",
          "schema_version": 0,
          "attributes": {
            "acceleration_status": "",
            "acl": null,
            "arn": "arn:aws:s3:::prod-my-papp-bucket-kb4",
            "bucket": "prod-my-papp-bucket-kb4",
            "bucket_domain_name": "prod-my-papp-bucket-kb4.s3.amazonaws.com",
            "bucket_prefix": "",
            "bucket_regional_domain_name": "prod-my-papp-bucket-kb4.s3.ap-south-1.amazonaws.com",
            "cors_rule": [],
            "force_destroy": false,
            "grant": [
              {
                "id": "73c3ad40466772baf9a278868ee2bf07dfc7d0cd88c1aef23f32bff59d7b25c7",
                "permissions": [
                  "FULL_CONTROL"
                ],
                "type": "CanonicalUser",
                "uri": ""
              }
            ],
            "hosted_zone_id": "Z11RGJOFQNVJUP",
            "id": "prod-my-papp-bucket-kb4",
            "lifecycle_rule": [],
            "logging": [],
            "object_lock_configuration": [],
            "object_lock_enabled": false,
            "policy": "",
            "region": "ap-south-1",
            "replication_configuration": [],
            "request_payer": "BucketOwner",
            "server_side_encryption_configuration": [
              {
                "rule": [
                  {
                    "apply_server_side_encryption_by_default": [
                      {
                        "kms_master_key_id": "",
                        "sse_algorithm": "AES256"
                      }
                    ],
                    "bucket_key_enabled": false
                  }
                ]
              }
            ],
            "tags": {
              "Environment": "prod",
              "bucketname": "prod-my-papp-bucket-kb4",
              "eachvalue": "my-papp-bucket-kb4"
            },
            "tags_all": {
              "Environment": "prod",
              "bucketname": "prod-my-papp-bucket-kb4",
              "eachvalue": "my-papp-bucket-kb4"
            },
            "timeouts": null,
            "versioning": [
              {
                "enabled": false,
                "mfa_delete": false
              }
            ],
            "website": [],
            "website_domain": null,
            "website_endpoint": null
          },
          "sensitive_attributes": [],
          "private": "eyJlMmJmYjczMC1lY2FhLTExZTYtOGY4OC0zNDM2M2JjN2M0YzAiOnsiY3JlYXRlIjoxMjAwMDAwMDAwMDAwLCJkZWxldGUiOjM2MDAwMDAwMDAwMDAsInJlYWQiOjEyMDAwMDAwMDAwMDAsInVwZGF0ZSI6MTIwMDAwMDAwMDAwMH19"
        },
        {
          "index_key": "qa",
          "schema_version": 0,
          "attributes": {
            "acceleration_status": "",
            "acl": null,
            "arn": "arn:aws:s3:::qa-my-qapp-bucket-kb2",
            "bucket": "qa-my-qapp-bucket-kb2",
            "bucket_domain_name": "qa-my-qapp-bucket-kb2.s3.amazonaws.com",
            "bucket_prefix": "",
            "bucket_regional_domain_name": "qa-my-qapp-bucket-kb2.s3.ap-south-1.amazonaws.com",
            "cors_rule": [],
            "force_destroy": false,
            "grant": [
              {
                "id": "73c3ad40466772baf9a278868ee2bf07dfc7d0cd88c1aef23f32bff59d7b25c7",
                "permissions": [
                  "FULL_CONTROL"
                ],
                "type": "CanonicalUser",
                "uri": ""
              }
            ],
            "hosted_zone_id": "Z11RGJOFQNVJUP",
            "id": "qa-my-qapp-bucket-kb2",
            "lifecycle_rule": [],
            "logging": [],
            "object_lock_configuration": [],
            "object_lock_enabled": false,
            "policy": "",
            "region": "ap-south-1",
            "replication_configuration": [],
            "request_payer": "BucketOwner",
            "server_side_encryption_configuration": [
              {
                "rule": [
                  {
                    "apply_server_side_encryption_by_default": [
                      {
                        "kms_master_key_id": "",
                        "sse_algorithm": "AES256"
                      }
                    ],
                    "bucket_key_enabled": false
                  }
                ]
              }
            ],
            "tags": {
              "Environment": "qa",
              "bucketname": "qa-my-qapp-bucket-kb2",
              "eachvalue": "my-qapp-bucket-kb2"
            },
            "tags_all": {
              "Environment": "qa",
              "bucketname": "qa-my-qapp-bucket-kb2",
              "eachvalue": "my-qapp-bucket-kb2"
            },
            "timeouts": null,
            "versioning": [
              {
                "enabled": false,
                "mfa_delete": false
              }
            ],
            "website": [],
            "website_domain": null,
            "website_endpoint": null
          },
          "sensitive_attributes": [],
          "private": "eyJlMmJmYjczMC1lY2FhLTExZTYtOGY4OC0zNDM2M2JjN2M0YzAiOnsiY3JlYXRlIjoxMjAwMDAwMDAwMDAwLCJkZWxldGUiOjM2MDAwMDAwMDAwMDAsInJlYWQiOjEyMDAwMDAwMDAwMDAsInVwZGF0ZSI6MTIwMDAwMDAwMDAwMH19"
        },
        {
          "index_key": "stag",
          "schema_version": 0,
          "attributes": {
            "acceleration_status": "",
            "acl": null,
            "arn": "arn:aws:s3:::stag-my-sapp-bucket-kb3",
            "bucket": "stag-my-sapp-bucket-kb3",
            "bucket_domain_name": "stag-my-sapp-bucket-kb3.s3.amazonaws.com",
            "bucket_prefix": "",
            "bucket_regional_domain_name": "stag-my-sapp-bucket-kb3.s3.ap-south-1.amazonaws.com",
            "cors_rule": [],
            "force_destroy": false,
            "grant": [
              {
                "id": "73c3ad40466772baf9a278868ee2bf07dfc7d0cd88c1aef23f32bff59d7b25c7",
                "permissions": [
                  "FULL_CONTROL"
                ],
                "type": "CanonicalUser",
                "uri": ""
              }
            ],
            "hosted_zone_id": "Z11RGJOFQNVJUP",
            "id": "stag-my-sapp-bucket-kb3",
            "lifecycle_rule": [],
            "logging": [],
            "object_lock_configuration": [],
            "object_lock_enabled": false,
            "policy": "",
            "region": "ap-south-1",
            "replication_configuration": [],
            "request_payer": "BucketOwner",
            "server_side_encryption_configuration": [
              {
                "rule": [
                  {
                    "apply_server_side_encryption_by_default": [
                      {
                        "kms_master_key_id": "",
                        "sse_algorithm": "AES256"
                      }
                    ],
                    "bucket_key_enabled": false
                  }
                ]
              }
            ],
            "tags": {
              "Environment": "stag",
              "bucketname": "stag-my-sapp-bucket-kb3",
              "eachvalue": "my-sapp-bucket-kb3"
            },
            "tags_all": {
              "Environment": "stag",
              "bucketname": "stag-my-sapp-bucket-kb3",
              "eachvalue": "my-sapp-bucket-kb3"
            },
            "timeouts": null,
            "versioning": [
              {
                "enabled": false,
                "mfa_delete": false
              }
            ],
            "website": [],
            "website_domain": null,
            "website_endpoint": null
          },
          "sensitive_attributes": [],
          "private": "eyJlMmJmYjczMC1lY2FhLTExZTYtOGY4OC0zNDM2M2JjN2M0YzAiOnsiY3JlYXRlIjoxMjAwMDAwMDAwMDAwLCJkZWxldGUiOjM2MDAwMDAwMDAwMDAsInJlYWQiOjEyMDAwMDAwMDAwMDAsInVwZGF0ZSI6MTIwMDAwMDAwMDAwMH19"
        }
      ]
    }
  ],
  "check_results": null
}
