{
  "version": 4,
  "terraform_version": "1.11.2",
  "serial": 15,
  "lineage": "c6a3406f-4ad5-8ce8-d99e-fa99daadef8d",
  "outputs": {
    "iam_user_names": {
      "value": {
        "user1": "user1",
        "user2": "user2",
        "user3": "user3",
        "user4": "user4"
      },
      "type": [
        "object",
        {
          "user1": "string",
          "user2": "string",
          "user3": "string",
          "user4": "string"
        }
      ]
    }
  },
  "resources": [
    {
      "mode": "managed",
      "type": "aws_iam_user",
      "name": "myuser",
      "provider": "provider[\"registry.terraform.io/hashicorp/aws\"]",
      "instances": [
        {
          "index_key": "user1",
          "schema_version": 0,
          "attributes": {
            "arn": "arn:aws:iam::637423622552:user/user1",
            "force_destroy": false,
            "id": "user1",
            "name": "user1",
            "path": "/",
            "permissions_boundary": "",
            "tags": null,
            "tags_all": {},
            "unique_id": "AIDAZI2LITGMHK4AGE7TV"
          },
          "sensitive_attributes": [],
          "private": "bnVsbA=="
        },
        {
          "index_key": "user2",
          "schema_version": 0,
          "attributes": {
            "arn": "arn:aws:iam::637423622552:user/user2",
            "force_destroy": false,
            "id": "user2",
            "name": "user2",
            "path": "/",
            "permissions_boundary": "",
            "tags": null,
            "tags_all": {},
            "unique_id": "AIDAZI2LITGMPOHUFCACC"
          },
          "sensitive_attributes": [],
          "private": "bnVsbA=="
        },
        {
          "index_key": "user3",
          "schema_version": 0,
          "attributes": {
            "arn": "arn:aws:iam::637423622552:user/user3",
            "force_destroy": false,
            "id": "user3",
            "name": "user3",
            "path": "/",
            "permissions_boundary": "",
            "tags": null,
            "tags_all": {},
            "unique_id": "AIDAZI2LITGMLDK6I7CAZ"
          },
          "sensitive_attributes": [],
          "private": "bnVsbA=="
        },
        {
          "index_key": "user4",
          "schema_version": 0,
          "attributes": {
            "arn": "arn:aws:iam::637423622552:user/user4",
            "force_destroy": false,
            "id": "user4",
            "name": "user4",
            "path": "/",
            "permissions_boundary": "",
            "tags": null,
            "tags_all": {},
            "unique_id": "AIDAZI2LITGMK2YJVDRN6"
          },
          "sensitive_attributes": [],
          "private": "bnVsbA=="
        }
      ]
    }
  ],
  "check_results": null
}
